
Microsoft Visual Studio Solution File, Format Version 12.00
# Visual Studio Version 17
VisualStudioVersion = 17.5.33502.453
MinimumVisualStudioVersion = 10.0.40219.1
Project("{FAE04EC0-301F-11D3-BF4B-00C04F79EFBC}") = "Tutorial3", "Tutorial3.csproj", "{A5EA2072-A0BD-4A9E-B2E1-80DC183C6BB8}"
EndProject
Global
	GlobalSection(SolutionConfigurationPlatforms) = preSolution
		Debug|Any CPU = Debug|Any CPU
		Release|Any CPU = Release|Any CPU
	EndGlobalSection
	GlobalSection(ProjectConfigurationPlatforms) = postSolution
		{A5EA2072-A0BD-4A9E-B2E1-80DC183C6BB8}.Debug|Any CPU.ActiveCfg = Debug|Any CPU
		{A5EA2072-A0BD-4A9E-B2E1-80DC183C6BB8}.Debug|Any CPU.Build.0 = Debug|Any CPU
		{A5EA2072-A0BD-4A9E-B2E1-80DC183C6BB8}.Release|Any CPU.ActiveCfg = Release|Any CPU
		{A5EA2072-A0BD-4A9E-B2E1-80DC183C6BB8}.Release|Any CPU.Build.0 = Release|Any CPU
	EndGlobalSection
	GlobalSection(SolutionProperties) = preSolution
		HideSolutionNode = FALSE
	EndGlobalSection
	GlobalSection(ExtensibilityGlobals) = postSolution
		SolutionGuid = {B05A01D7-1FDA-441F-9C5C-EBA3AF921853}
	EndGlobalSection
EndGlobal
