
Microsoft Visual Studio Solution File, Format Version 12.00
# Visual Studio Version 17
VisualStudioVersion = 17.5.33502.453
MinimumVisualStudioVersion = 10.0.40219.1
Project("{FAE04EC0-301F-11D3-BF4B-00C04F79EFBC}") = "Tutorial9", "Tutorial9.csproj", "{E0680ED2-D5C4-4960-8426-E1135F9BFD5B}"
EndProject
Global
	GlobalSection(SolutionConfigurationPlatforms) = preSolution
		Debug|Any CPU = Debug|Any CPU
		Release|Any CPU = Release|Any CPU
	EndGlobalSection
	GlobalSection(ProjectConfigurationPlatforms) = postSolution
		{E0680ED2-D5C4-4960-8426-E1135F9BFD5B}.Debug|Any CPU.ActiveCfg = Debug|Any CPU
		{E0680ED2-D5C4-4960-8426-E1135F9BFD5B}.Debug|Any CPU.Build.0 = Debug|Any CPU
		{E0680ED2-D5C4-4960-8426-E1135F9BFD5B}.Release|Any CPU.ActiveCfg = Release|Any CPU
		{E0680ED2-D5C4-4960-8426-E1135F9BFD5B}.Release|Any CPU.Build.0 = Release|Any CPU
	EndGlobalSection
	GlobalSection(SolutionProperties) = preSolution
		HideSolutionNode = FALSE
	EndGlobalSection
	GlobalSection(ExtensibilityGlobals) = postSolution
		SolutionGuid = {41B4C08D-D901-4920-A0EF-3BF4D58CFA83}
	EndGlobalSection
EndGlobal
