
Microsoft Visual Studio Solution File, Format Version 12.00
# Visual Studio Version 17
VisualStudioVersion = 17.5.33502.453
MinimumVisualStudioVersion = 10.0.40219.1
Project("{FAE04EC0-301F-11D3-BF4B-00C04F79EFBC}") = "OJT.App", "OJT.App\OJT.App.csproj", "{6179DE39-CEA5-41AE-B3E9-34080FED5A55}"
EndProject
Project("{FAE04EC0-301F-11D3-BF4B-00C04F79EFBC}") = "OJT.DAO", "..\OJT.DAO\OJT.DAO.csproj", "{E542193D-810E-41BB-8534-0CD541703A00}"
EndProject
Project("{FAE04EC0-301F-11D3-BF4B-00C04F79EFBC}") = "OJT.Entities", "..\OJT.Entities\OJT.Entities.csproj", "{C24DF344-0F04-4708-AEDF-5F00DA707B6A}"
EndProject
Project("{FAE04EC0-301F-11D3-BF4B-00C04F79EFBC}") = "OJT.Services", "..\OJT.Services\OJT.Services.csproj", "{15ED76F4-48F8-44C9-9D3F-2872D2FE0BFE}"
EndProject
Global
	GlobalSection(SolutionConfigurationPlatforms) = preSolution
		Debug|Any CPU = Debug|Any CPU
		Release|Any CPU = Release|Any CPU
	EndGlobalSection
	GlobalSection(ProjectConfigurationPlatforms) = postSolution
		{6179DE39-CEA5-41AE-B3E9-34080FED5A55}.Debug|Any CPU.ActiveCfg = Debug|Any CPU
		{6179DE39-CEA5-41AE-B3E9-34080FED5A55}.Debug|Any CPU.Build.0 = Debug|Any CPU
		{6179DE39-CEA5-41AE-B3E9-34080FED5A55}.Release|Any CPU.ActiveCfg = Release|Any CPU
		{6179DE39-CEA5-41AE-B3E9-34080FED5A55}.Release|Any CPU.Build.0 = Release|Any CPU
		{E542193D-810E-41BB-8534-0CD541703A00}.Debug|Any CPU.ActiveCfg = Debug|Any CPU
		{E542193D-810E-41BB-8534-0CD541703A00}.Debug|Any CPU.Build.0 = Debug|Any CPU
		{E542193D-810E-41BB-8534-0CD541703A00}.Release|Any CPU.ActiveCfg = Release|Any CPU
		{E542193D-810E-41BB-8534-0CD541703A00}.Release|Any CPU.Build.0 = Release|Any CPU
		{C24DF344-0F04-4708-AEDF-5F00DA707B6A}.Debug|Any CPU.ActiveCfg = Debug|Any CPU
		{C24DF344-0F04-4708-AEDF-5F00DA707B6A}.Debug|Any CPU.Build.0 = Debug|Any CPU
		{C24DF344-0F04-4708-AEDF-5F00DA707B6A}.Release|Any CPU.ActiveCfg = Release|Any CPU
		{C24DF344-0F04-4708-AEDF-5F00DA707B6A}.Release|Any CPU.Build.0 = Release|Any CPU
		{15ED76F4-48F8-44C9-9D3F-2872D2FE0BFE}.Debug|Any CPU.ActiveCfg = Debug|Any CPU
		{15ED76F4-48F8-44C9-9D3F-2872D2FE0BFE}.Debug|Any CPU.Build.0 = Debug|Any CPU
		{15ED76F4-48F8-44C9-9D3F-2872D2FE0BFE}.Release|Any CPU.ActiveCfg = Release|Any CPU
		{15ED76F4-48F8-44C9-9D3F-2872D2FE0BFE}.Release|Any CPU.Build.0 = Release|Any CPU
	EndGlobalSection
	GlobalSection(SolutionProperties) = preSolution
		HideSolutionNode = FALSE
	EndGlobalSection
	GlobalSection(ExtensibilityGlobals) = postSolution
		SolutionGuid = {4D442D2C-7796-4444-9479-2DD8AD569307}
	EndGlobalSection
EndGlobal
