
Microsoft Visual Studio Solution File, Format Version 12.00
# Visual Studio Version 17
VisualStudioVersion = 17.5.33502.453
MinimumVisualStudioVersion = 10.0.40219.1
Project("{FAE04EC0-301F-11D3-BF4B-00C04F79EFBC}") = "Tutorial5", "Tutorial5.csproj", "{95B74E85-536E-436B-900E-B1718D8C5721}"
EndProject
Global
	GlobalSection(SolutionConfigurationPlatforms) = preSolution
		Debug|Any CPU = Debug|Any CPU
		Release|Any CPU = Release|Any CPU
	EndGlobalSection
	GlobalSection(ProjectConfigurationPlatforms) = postSolution
		{95B74E85-536E-436B-900E-B1718D8C5721}.Debug|Any CPU.ActiveCfg = Debug|Any CPU
		{95B74E85-536E-436B-900E-B1718D8C5721}.Debug|Any CPU.Build.0 = Debug|Any CPU
		{95B74E85-536E-436B-900E-B1718D8C5721}.Release|Any CPU.ActiveCfg = Release|Any CPU
		{95B74E85-536E-436B-900E-B1718D8C5721}.Release|Any CPU.Build.0 = Release|Any CPU
	EndGlobalSection
	GlobalSection(SolutionProperties) = preSolution
		HideSolutionNode = FALSE
	EndGlobalSection
	GlobalSection(ExtensibilityGlobals) = postSolution
		SolutionGuid = {140DC173-A4D6-4826-BFA5-A1F60EC16340}
	EndGlobalSection
EndGlobal
